
Microsoft Visual Studio Solution File, Format Version 12.00
# Visual Studio Version 17
VisualStudioVersion = 17.2.32602.215
MinimumVisualStudioVersion = 10.0.40219.1
Project("{9A19103F-16F7-4668-BE54-9A1E7A4F7556}") = "VisitBosnia", "VisitBosnia\VisitBosnia.csproj", "{67555BB1-D221-4202-AB50-F8E6A6EC86D0}"
EndProject
Project("{9A19103F-16F7-4668-BE54-9A1E7A4F7556}") = "VisitBosnia.Services", "VisitBosnia.Services\VisitBosnia.Services.csproj", "{7BFDB55F-858D-481A-9930-7370D12F58F0}"
EndProject
Project("{9A19103F-16F7-4668-BE54-9A1E7A4F7556}") = "VisitBosnia.Model", "VisitBosnia.Model\VisitBosnia.Model.csproj", "{2132E868-D69A-4343-B4B9-E3077E34B1E2}"
EndProject
Project("{9A19103F-16F7-4668-BE54-9A1E7A4F7556}") = "VisitBosnia.WinUI", "VisitBosnia.WinUI\VisitBosnia.WinUI.csproj", "{B9638991-E4B0-4815-9099-630D59E72A56}"
EndProject
Project("{2150E333-8FDC-42A3-9474-1A3956D46DE8}") = "Solution Items", "Solution Items", "{312040A1-1690-48BC-9B10-B13EA669E9C4}"
	ProjectSection(SolutionItems) = preProject
		..\docker-compose.yml = ..\docker-compose.yml
		..\Dockerfile = ..\Dockerfile
	EndProjectSection
EndProject
Global
	GlobalSection(SolutionConfigurationPlatforms) = preSolution
		Debug|Any CPU = Debug|Any CPU
		Release|Any CPU = Release|Any CPU
	EndGlobalSection
	GlobalSection(ProjectConfigurationPlatforms) = postSolution
		{67555BB1-D221-4202-AB50-F8E6A6EC86D0}.Debug|Any CPU.ActiveCfg = Debug|Any CPU
		{67555BB1-D221-4202-AB50-F8E6A6EC86D0}.Debug|Any CPU.Build.0 = Debug|Any CPU
		{67555BB1-D221-4202-AB50-F8E6A6EC86D0}.Release|Any CPU.ActiveCfg = Release|Any CPU
		{67555BB1-D221-4202-AB50-F8E6A6EC86D0}.Release|Any CPU.Build.0 = Release|Any CPU
		{7BFDB55F-858D-481A-9930-7370D12F58F0}.Debug|Any CPU.ActiveCfg = Debug|Any CPU
		{7BFDB55F-858D-481A-9930-7370D12F58F0}.Debug|Any CPU.Build.0 = Debug|Any CPU
		{7BFDB55F-858D-481A-9930-7370D12F58F0}.Release|Any CPU.ActiveCfg = Release|Any CPU
		{7BFDB55F-858D-481A-9930-7370D12F58F0}.Release|Any CPU.Build.0 = Release|Any CPU
		{2132E868-D69A-4343-B4B9-E3077E34B1E2}.Debug|Any CPU.ActiveCfg = Debug|Any CPU
		{2132E868-D69A-4343-B4B9-E3077E34B1E2}.Debug|Any CPU.Build.0 = Debug|Any CPU
		{2132E868-D69A-4343-B4B9-E3077E34B1E2}.Release|Any CPU.ActiveCfg = Release|Any CPU
		{2132E868-D69A-4343-B4B9-E3077E34B1E2}.Release|Any CPU.Build.0 = Release|Any CPU
		{B9638991-E4B0-4815-9099-630D59E72A56}.Debug|Any CPU.ActiveCfg = Debug|Any CPU
		{B9638991-E4B0-4815-9099-630D59E72A56}.Debug|Any CPU.Build.0 = Debug|Any CPU
		{B9638991-E4B0-4815-9099-630D59E72A56}.Release|Any CPU.ActiveCfg = Release|Any CPU
		{B9638991-E4B0-4815-9099-630D59E72A56}.Release|Any CPU.Build.0 = Release|Any CPU
	EndGlobalSection
	GlobalSection(SolutionProperties) = preSolution
		HideSolutionNode = FALSE
	EndGlobalSection
	GlobalSection(ExtensibilityGlobals) = postSolution
		SolutionGuid = {08DE9E9F-3D51-40A2-9EFB-41C5EF6CE525}
	EndGlobalSection
EndGlobal
